
Microsoft Visual Studio Solution File, Format Version 12.00
# Visual Studio Version 17
VisualStudioVersion = 17.13.35931.197 d17.13
MinimumVisualStudioVersion = 10.0.40219.1
Project("{8BC9CEB8-8B4A-11D0-8D11-00A0C91BC942}") = "timer", "timer.vcxproj", "{0D6CE797-74C9-4A0F-BA7E-9C3BCF5ECE1E}"
EndProject
Global
	GlobalSection(SolutionConfigurationPlatforms) = preSolution
		Debug|x64 = Debug|x64
		Debug|x86 = Debug|x86
		Release|x64 = Release|x64
		Release|x86 = Release|x86
	EndGlobalSection
	GlobalSection(ProjectConfigurationPlatforms) = postSolution
		{0D6CE797-74C9-4A0F-BA7E-9C3BCF5ECE1E}.Debug|x64.ActiveCfg = Debug|x64
		{0D6CE797-74C9-4A0F-BA7E-9C3BCF5ECE1E}.Debug|x64.Build.0 = Debug|x64
		{0D6CE797-74C9-4A0F-BA7E-9C3BCF5ECE1E}.Debug|x86.ActiveCfg = Debug|Win32
		{0D6CE797-74C9-4A0F-BA7E-9C3BCF5ECE1E}.Debug|x86.Build.0 = Debug|Win32
		{0D6CE797-74C9-4A0F-BA7E-9C3BCF5ECE1E}.Release|x64.ActiveCfg = Release|x64
		{0D6CE797-74C9-4A0F-BA7E-9C3BCF5ECE1E}.Release|x64.Build.0 = Release|x64
		{0D6CE797-74C9-4A0F-BA7E-9C3BCF5ECE1E}.Release|x86.ActiveCfg = Release|Win32
		{0D6CE797-74C9-4A0F-BA7E-9C3BCF5ECE1E}.Release|x86.Build.0 = Release|Win32
	EndGlobalSection
	GlobalSection(SolutionProperties) = preSolution
		HideSolutionNode = FALSE
	EndGlobalSection
	GlobalSection(ExtensibilityGlobals) = postSolution
		SolutionGuid = {ED937839-8CFC-4408-887C-077385132142}
	EndGlobalSection
EndGlobal
